
Microsoft Visual Studio Solution File, Format Version 12.00
# Visual Studio 15
Project("{FAE04EC0-301F-11D3-BF4B-00C04F79EFBC}") = "Net-Core-API", "Net-Core-API\Net-Core-API.csproj", "{46B07E53-F78A-4531-8387-EB5A31CD970C}"
EndProject
Global
	GlobalSection(SolutionConfigurationPlatforms) = preSolution
		Debug|Any CPU = Debug|Any CPU
		Release|Any CPU = Release|Any CPU
	EndGlobalSection
	GlobalSection(ProjectConfigurationPlatforms) = postSolution
		{46B07E53-F78A-4531-8387-EB5A31CD970C}.Debug|Any CPU.ActiveCfg = Debug|Any CPU
		{46B07E53-F78A-4531-8387-EB5A31CD970C}.Debug|Any CPU.Build.0 = Debug|Any CPU
		{46B07E53-F78A-4531-8387-EB5A31CD970C}.Release|Any CPU.ActiveCfg = Release|Any CPU
		{46B07E53-F78A-4531-8387-EB5A31CD970C}.Release|Any CPU.Build.0 = Release|Any CPU
	EndGlobalSection
EndGlobal
